{
  "requires": true,
  "lockfileVersion": 1,
  "dependencies": {
    "vue-html-to-paper": {
      "version": "1.0.3",
      "resolved": "https://registry.npmjs.org/vue-html-to-paper/-/vue-html-to-paper-1.0.3.tgz",
      "integrity": "sha512-Cd77mfAv09eyDZrKdw/l2xn438s0AZIXBISGRM97PMHmda6zewExLdD/LhP6SfLTDt5T6qrQXrzC25bnLw8UoQ=="
    }
  }
}
